
Microsoft Visual Studio Solution File, Format Version 12.00
# Visual Studio 15
VisualStudioVersion = 15.0.28307.421
MinimumVisualStudioVersion = 10.0.40219.1
Project("{FAE04EC0-301F-11D3-BF4B-00C04F79EFBC}") = "Churras_Calculator.Android", "Churras_Calculator\Churras_Calculator.Android\Churras_Calculator.Android.csproj", "{F6C1660C-6615-40D9-ADB0-74393F83270A}"
EndProject
Project("{FAE04EC0-301F-11D3-BF4B-00C04F79EFBC}") = "Churras_Calculator", "Churras_Calculator\Churras_Calculator\Churras_Calculator.csproj", "{9B8463B4-F08D-4139-978C-EAB090D9DEAA}"
EndProject
Global
	GlobalSection(SolutionConfigurationPlatforms) = preSolution
		Debug|Any CPU = Debug|Any CPU
		Release|Any CPU = Release|Any CPU
	EndGlobalSection
	GlobalSection(ProjectConfigurationPlatforms) = postSolution
		{F6C1660C-6615-40D9-ADB0-74393F83270A}.Debug|Any CPU.ActiveCfg = Debug|Any CPU
		{F6C1660C-6615-40D9-ADB0-74393F83270A}.Debug|Any CPU.Build.0 = Debug|Any CPU
		{F6C1660C-6615-40D9-ADB0-74393F83270A}.Debug|Any CPU.Deploy.0 = Debug|Any CPU
		{F6C1660C-6615-40D9-ADB0-74393F83270A}.Release|Any CPU.ActiveCfg = Release|Any CPU
		{F6C1660C-6615-40D9-ADB0-74393F83270A}.Release|Any CPU.Build.0 = Release|Any CPU
		{F6C1660C-6615-40D9-ADB0-74393F83270A}.Release|Any CPU.Deploy.0 = Release|Any CPU
		{9B8463B4-F08D-4139-978C-EAB090D9DEAA}.Debug|Any CPU.ActiveCfg = Debug|Any CPU
		{9B8463B4-F08D-4139-978C-EAB090D9DEAA}.Debug|Any CPU.Build.0 = Debug|Any CPU
		{9B8463B4-F08D-4139-978C-EAB090D9DEAA}.Debug|Any CPU.Deploy.0 = Debug|Any CPU
		{9B8463B4-F08D-4139-978C-EAB090D9DEAA}.Release|Any CPU.ActiveCfg = Release|Any CPU
		{9B8463B4-F08D-4139-978C-EAB090D9DEAA}.Release|Any CPU.Build.0 = Release|Any CPU
		{9B8463B4-F08D-4139-978C-EAB090D9DEAA}.Release|Any CPU.Deploy.0 = Release|Any CPU
	EndGlobalSection
	GlobalSection(SolutionProperties) = preSolution
		HideSolutionNode = FALSE
	EndGlobalSection
	GlobalSection(ExtensibilityGlobals) = postSolution
		SolutionGuid = {EE3868C3-30C6-4968-AFE7-1CA1912B024D}
	EndGlobalSection
EndGlobal
